
Microsoft Visual Studio Solution File, Format Version 12.00
# Visual Studio Version 17
VisualStudioVersion = 17.11.35222.181
MinimumVisualStudioVersion = 10.0.40219.1
Project("{FAE04EC0-301F-11D3-BF4B-00C04F79EFBC}") = "codingTracker.jakubmikolajewski", "codingTracker.jakubmikolajewski\codingTracker.jakubmikolajewski.csproj", "{579D67D8-25E9-4E9C-A930-9A706431AC57}"
EndProject
Project("{FAE04EC0-301F-11D3-BF4B-00C04F79EFBC}") = "CodingTrackerLibrary", "CodingTrackerLibrary\CodingTrackerLibrary.csproj", "{2504B173-171D-4517-9B5F-52F406D1CF52}"
EndProject
Global
	GlobalSection(SolutionConfigurationPlatforms) = preSolution
		Debug|Any CPU = Debug|Any CPU
		Release|Any CPU = Release|Any CPU
	EndGlobalSection
	GlobalSection(ProjectConfigurationPlatforms) = postSolution
		{579D67D8-25E9-4E9C-A930-9A706431AC57}.Debug|Any CPU.ActiveCfg = Debug|Any CPU
		{579D67D8-25E9-4E9C-A930-9A706431AC57}.Debug|Any CPU.Build.0 = Debug|Any CPU
		{579D67D8-25E9-4E9C-A930-9A706431AC57}.Release|Any CPU.ActiveCfg = Release|Any CPU
		{579D67D8-25E9-4E9C-A930-9A706431AC57}.Release|Any CPU.Build.0 = Release|Any CPU
		{2504B173-171D-4517-9B5F-52F406D1CF52}.Debug|Any CPU.ActiveCfg = Debug|Any CPU
		{2504B173-171D-4517-9B5F-52F406D1CF52}.Debug|Any CPU.Build.0 = Debug|Any CPU
		{2504B173-171D-4517-9B5F-52F406D1CF52}.Release|Any CPU.ActiveCfg = Release|Any CPU
		{2504B173-171D-4517-9B5F-52F406D1CF52}.Release|Any CPU.Build.0 = Release|Any CPU
	EndGlobalSection
	GlobalSection(SolutionProperties) = preSolution
		HideSolutionNode = FALSE
	EndGlobalSection
	GlobalSection(ExtensibilityGlobals) = postSolution
		SolutionGuid = {C8472C9C-7199-48FA-A8F9-AE26DDB9234C}
	EndGlobalSection
EndGlobal
